
Microsoft Visual Studio Solution File, Format Version 12.00
# Visual Studio Version 16
VisualStudioVersion = 16.0.29503.13
MinimumVisualStudioVersion = 10.0.40219.1
Project("{2150E333-8FDC-42A3-9474-1A3956D46DE8}") = "1.Api", "1.Api", "{AE2BF0F2-F141-4D15-82D6-171C20145EBB}"
EndProject
Project("{9A19103F-16F7-4668-BE54-9A1E7A4F7556}") = "ABC.Api", "src\ABC.Api\ABC.Api.csproj", "{8F4BF4DD-1F00-4AAC-ADD1-988C6415B7EC}"
EndProject
Project("{2150E333-8FDC-42A3-9474-1A3956D46DE8}") = "2.Data", "2.Data", "{A38143DF-F6FF-441A-8096-6F6F6B7B9284}"
EndProject
Project("{2150E333-8FDC-42A3-9474-1A3956D46DE8}") = "3.Domain", "3.Domain", "{F42A1559-1DFE-4EB5-ACD6-1E07EBAE43A2}"
EndProject
Project("{2150E333-8FDC-42A3-9474-1A3956D46DE8}") = "5.Test", "5.Test", "{B51411DE-5B90-47EB-93BE-23134D1E51E3}"
EndProject
Project("{9A19103F-16F7-4668-BE54-9A1E7A4F7556}") = "ABC.Repository", "src\ABC.Repository\ABC.Repository.csproj", "{B2E945B0-F2DB-4862-AC19-66EFD4AC4F22}"
EndProject
Project("{9A19103F-16F7-4668-BE54-9A1E7A4F7556}") = "ABC.Domain", "src\ABC.Domain\ABC.Domain.csproj", "{75B702E6-8693-4183-84FA-40EEABA6C103}"
EndProject
Project("{9A19103F-16F7-4668-BE54-9A1E7A4F7556}") = "ABC.DomainService", "src\ABC.DomainService\ABC.DomainService.csproj", "{285538D1-8E38-4BF4-B445-ED2C7338363F}"
EndProject
Project("{9A19103F-16F7-4668-BE54-9A1E7A4F7556}") = "ABC.Tests", "src\ABC.Tests\ABC.Tests.csproj", "{01D26361-008E-4748-8F45-2C518C1DFA5F}"
EndProject
Project("{9A19103F-16F7-4668-BE54-9A1E7A4F7556}") = "ABC.Data", "src\ABC.Data\ABC.Data.csproj", "{3B12A6F6-1F8C-4FAA-A3D8-A42306B940AA}"
EndProject
Project("{2150E333-8FDC-42A3-9474-1A3956D46DE8}") = "6.Workers", "6.Workers", "{F49B16F1-269B-4E4A-A5A1-6A5002D3E979}"
EndProject
Project("{2150E333-8FDC-42A3-9474-1A3956D46DE8}") = "0.Common", "0.Common", "{1BEBB4FA-DF0E-41FE-9F4C-52668EC79281}"
EndProject
Project("{9A19103F-16F7-4668-BE54-9A1E7A4F7556}") = "ABC.Common", "src\ABC.Common\ABC.Common.csproj", "{AEBAADE9-AF1E-41EB-8048-098A3F2B5F10}"
EndProject
Project("{9A19103F-16F7-4668-BE54-9A1E7A4F7556}") = "ABC.Worker", "src\ABC.Worker\ABC.Worker.csproj", "{E44F389F-4985-45AB-83DD-149BC4D8B435}"
EndProject
Global
	GlobalSection(SolutionConfigurationPlatforms) = preSolution
		Debug|Any CPU = Debug|Any CPU
		Release|Any CPU = Release|Any CPU
	EndGlobalSection
	GlobalSection(ProjectConfigurationPlatforms) = postSolution
		{8F4BF4DD-1F00-4AAC-ADD1-988C6415B7EC}.Debug|Any CPU.ActiveCfg = Debug|Any CPU
		{8F4BF4DD-1F00-4AAC-ADD1-988C6415B7EC}.Debug|Any CPU.Build.0 = Debug|Any CPU
		{8F4BF4DD-1F00-4AAC-ADD1-988C6415B7EC}.Release|Any CPU.ActiveCfg = Release|Any CPU
		{8F4BF4DD-1F00-4AAC-ADD1-988C6415B7EC}.Release|Any CPU.Build.0 = Release|Any CPU
		{B2E945B0-F2DB-4862-AC19-66EFD4AC4F22}.Debug|Any CPU.ActiveCfg = Debug|Any CPU
		{B2E945B0-F2DB-4862-AC19-66EFD4AC4F22}.Debug|Any CPU.Build.0 = Debug|Any CPU
		{B2E945B0-F2DB-4862-AC19-66EFD4AC4F22}.Release|Any CPU.ActiveCfg = Release|Any CPU
		{B2E945B0-F2DB-4862-AC19-66EFD4AC4F22}.Release|Any CPU.Build.0 = Release|Any CPU
		{75B702E6-8693-4183-84FA-40EEABA6C103}.Debug|Any CPU.ActiveCfg = Debug|Any CPU
		{75B702E6-8693-4183-84FA-40EEABA6C103}.Debug|Any CPU.Build.0 = Debug|Any CPU
		{75B702E6-8693-4183-84FA-40EEABA6C103}.Release|Any CPU.ActiveCfg = Release|Any CPU
		{75B702E6-8693-4183-84FA-40EEABA6C103}.Release|Any CPU.Build.0 = Release|Any CPU
		{285538D1-8E38-4BF4-B445-ED2C7338363F}.Debug|Any CPU.ActiveCfg = Debug|Any CPU
		{285538D1-8E38-4BF4-B445-ED2C7338363F}.Debug|Any CPU.Build.0 = Debug|Any CPU
		{285538D1-8E38-4BF4-B445-ED2C7338363F}.Release|Any CPU.ActiveCfg = Release|Any CPU
		{285538D1-8E38-4BF4-B445-ED2C7338363F}.Release|Any CPU.Build.0 = Release|Any CPU
		{01D26361-008E-4748-8F45-2C518C1DFA5F}.Debug|Any CPU.ActiveCfg = Debug|Any CPU
		{01D26361-008E-4748-8F45-2C518C1DFA5F}.Debug|Any CPU.Build.0 = Debug|Any CPU
		{01D26361-008E-4748-8F45-2C518C1DFA5F}.Release|Any CPU.ActiveCfg = Release|Any CPU
		{01D26361-008E-4748-8F45-2C518C1DFA5F}.Release|Any CPU.Build.0 = Release|Any CPU
		{3B12A6F6-1F8C-4FAA-A3D8-A42306B940AA}.Debug|Any CPU.ActiveCfg = Debug|Any CPU
		{3B12A6F6-1F8C-4FAA-A3D8-A42306B940AA}.Debug|Any CPU.Build.0 = Debug|Any CPU
		{3B12A6F6-1F8C-4FAA-A3D8-A42306B940AA}.Release|Any CPU.ActiveCfg = Release|Any CPU
		{3B12A6F6-1F8C-4FAA-A3D8-A42306B940AA}.Release|Any CPU.Build.0 = Release|Any CPU
		{AEBAADE9-AF1E-41EB-8048-098A3F2B5F10}.Debug|Any CPU.ActiveCfg = Debug|Any CPU
		{AEBAADE9-AF1E-41EB-8048-098A3F2B5F10}.Debug|Any CPU.Build.0 = Debug|Any CPU
		{AEBAADE9-AF1E-41EB-8048-098A3F2B5F10}.Release|Any CPU.ActiveCfg = Release|Any CPU
		{AEBAADE9-AF1E-41EB-8048-098A3F2B5F10}.Release|Any CPU.Build.0 = Release|Any CPU
		{E44F389F-4985-45AB-83DD-149BC4D8B435}.Debug|Any CPU.ActiveCfg = Debug|Any CPU
		{E44F389F-4985-45AB-83DD-149BC4D8B435}.Debug|Any CPU.Build.0 = Debug|Any CPU
		{E44F389F-4985-45AB-83DD-149BC4D8B435}.Release|Any CPU.ActiveCfg = Release|Any CPU
		{E44F389F-4985-45AB-83DD-149BC4D8B435}.Release|Any CPU.Build.0 = Release|Any CPU
		{04DCE8F7-5785-4725-8AC0-0F6BAE9B3563}.Debug|Any CPU.ActiveCfg = Debug|Any CPU
		{04DCE8F7-5785-4725-8AC0-0F6BAE9B3563}.Debug|Any CPU.Build.0 = Debug|Any CPU
		{04DCE8F7-5785-4725-8AC0-0F6BAE9B3563}.Release|Any CPU.ActiveCfg = Release|Any CPU
		{04DCE8F7-5785-4725-8AC0-0F6BAE9B3563}.Release|Any CPU.Build.0 = Release|Any CPU
		{EBA91E25-FF52-41D2-891D-4C0083D0503C}.Debug|Any CPU.ActiveCfg = Debug|Any CPU
		{EBA91E25-FF52-41D2-891D-4C0083D0503C}.Debug|Any CPU.Build.0 = Debug|Any CPU
		{EBA91E25-FF52-41D2-891D-4C0083D0503C}.Release|Any CPU.ActiveCfg = Release|Any CPU
		{EBA91E25-FF52-41D2-891D-4C0083D0503C}.Release|Any CPU.Build.0 = Release|Any CPU
		{E66318D5-766A-43E8-B94C-3031EA1C440B}.Debug|Any CPU.ActiveCfg = Debug|Any CPU
		{E66318D5-766A-43E8-B94C-3031EA1C440B}.Debug|Any CPU.Build.0 = Debug|Any CPU
		{E66318D5-766A-43E8-B94C-3031EA1C440B}.Release|Any CPU.ActiveCfg = Release|Any CPU
		{E66318D5-766A-43E8-B94C-3031EA1C440B}.Release|Any CPU.Build.0 = Release|Any CPU
	EndGlobalSection
	GlobalSection(SolutionProperties) = preSolution
		HideSolutionNode = FALSE
	EndGlobalSection
	GlobalSection(NestedProjects) = preSolution
		{8F4BF4DD-1F00-4AAC-ADD1-988C6415B7EC} = {AE2BF0F2-F141-4D15-82D6-171C20145EBB}
		{B2E945B0-F2DB-4862-AC19-66EFD4AC4F22} = {A38143DF-F6FF-441A-8096-6F6F6B7B9284}
		{75B702E6-8693-4183-84FA-40EEABA6C103} = {F42A1559-1DFE-4EB5-ACD6-1E07EBAE43A2}
		{285538D1-8E38-4BF4-B445-ED2C7338363F} = {F42A1559-1DFE-4EB5-ACD6-1E07EBAE43A2}
		{01D26361-008E-4748-8F45-2C518C1DFA5F} = {B51411DE-5B90-47EB-93BE-23134D1E51E3}
		{3B12A6F6-1F8C-4FAA-A3D8-A42306B940AA} = {A38143DF-F6FF-441A-8096-6F6F6B7B9284}
		{AEBAADE9-AF1E-41EB-8048-098A3F2B5F10} = {1BEBB4FA-DF0E-41FE-9F4C-52668EC79281}
		{E44F389F-4985-45AB-83DD-149BC4D8B435} = {F49B16F1-269B-4E4A-A5A1-6A5002D3E979}
		{04DCE8F7-5785-4725-8AC0-0F6BAE9B3563} = {1BEBB4FA-DF0E-41FE-9F4C-52668EC79281}
		{EBA91E25-FF52-41D2-891D-4C0083D0503C} = {C410E666-1E5C-4F04-8B6A-47560B4A3DDA}
		{E66318D5-766A-43E8-B94C-3031EA1C440B} = {AE2BF0F2-F141-4D15-82D6-171C20145EBB}
	EndGlobalSection
	GlobalSection(ExtensibilityGlobals) = postSolution
		SolutionGuid = {6DFE3BF2-C76D-4F2B-B834-322549F7C05E}
	EndGlobalSection
EndGlobal
